
Microsoft Visual Studio Solution File, Format Version 12.00
# Visual Studio Version 17
VisualStudioVersion = 17.8.34525.116
MinimumVisualStudioVersion = 10.0.40219.1
Project("{9A19103F-16F7-4668-BE54-9A1E7A4F7556}") = "Infrastructure", "Infrastructure\Infrastructure.csproj", "{976D7531-189C-454C-90EB-0CFB4B00B936}"
EndProject
Project("{FAE04EC0-301F-11D3-BF4B-00C04F79EFBC}") = "Infrastructure.Tests", "Infrastructure.Tests\Infrastructure.Tests.csproj", "{90A0B7BA-D86A-44D0-9C46-E1FA752396F7}"
EndProject
Global
	GlobalSection(SolutionConfigurationPlatforms) = preSolution
		Debug|Any CPU = Debug|Any CPU
		Release|Any CPU = Release|Any CPU
	EndGlobalSection
	GlobalSection(ProjectConfigurationPlatforms) = postSolution
		{976D7531-189C-454C-90EB-0CFB4B00B936}.Debug|Any CPU.ActiveCfg = Debug|Any CPU
		{976D7531-189C-454C-90EB-0CFB4B00B936}.Debug|Any CPU.Build.0 = Debug|Any CPU
		{976D7531-189C-454C-90EB-0CFB4B00B936}.Release|Any CPU.ActiveCfg = Release|Any CPU
		{976D7531-189C-454C-90EB-0CFB4B00B936}.Release|Any CPU.Build.0 = Release|Any CPU
		{90A0B7BA-D86A-44D0-9C46-E1FA752396F7}.Debug|Any CPU.ActiveCfg = Debug|Any CPU
		{90A0B7BA-D86A-44D0-9C46-E1FA752396F7}.Debug|Any CPU.Build.0 = Debug|Any CPU
		{90A0B7BA-D86A-44D0-9C46-E1FA752396F7}.Release|Any CPU.ActiveCfg = Release|Any CPU
		{90A0B7BA-D86A-44D0-9C46-E1FA752396F7}.Release|Any CPU.Build.0 = Release|Any CPU
	EndGlobalSection
	GlobalSection(SolutionProperties) = preSolution
		HideSolutionNode = FALSE
	EndGlobalSection
	GlobalSection(ExtensibilityGlobals) = postSolution
		SolutionGuid = {1C054708-5897-4A71-894D-775A5D728D8A}
	EndGlobalSection
EndGlobal
